<?xml version="1.0" encoding="utf-8"?>
<Project ToolsVersion="4.0" xmlns="http://schemas.microsoft.com/developer/msbuild/2003">
  <ItemGroup>
    <Filter Include="Source Files">
      <UniqueIdentifier>{4FC737F1-C7A5-4376-A066-2A32D752A2FF}</UniqueIdentifier>
      <Extensions>cpp;c;cc;cxx;def;odl;idl;hpj;bat;asm;asmx</Extensions>
    </Filter>
    <Filter Include="Header Files">
      <UniqueIdentifier>{93995380-89BD-4b04-88EB-625FBE52EBFB}</UniqueIdentifier>
      <Extensions>h;hh;hpp;hxx;hm;inl;inc;xsd</Extensions>
    </Filter>
    <Filter Include="Resource Files">
      <UniqueIdentifier>{67DA6AB6-F800-4c08-8B7A-83BB121AAD01}</UniqueIdentifier>
      <Extensions>rc;ico;cur;bmp;dlg;rc2;rct;bin;rgs;gif;jpg;jpeg;jpe;resx;tiff;tif;png;wav;mfcribbon-ms</Extensions>
    </Filter>
  </ItemGroup>
  <ItemGroup>
    <ClInclude Include="BigFish.h">
      <Filter>Header Files</Filter>
    </ClInclude>
    <ClInclude Include="mblep_88200.h">
      <Filter>Header Files</Filter>
    </ClInclude>
    <ClInclude Include="mblep_96000.h">
      <Filter>Header Files</Filter>
    </ClInclude>
    <ClInclude Include="mblep_176400.h">
      <Filter>Header Files</Filter>
    </ClInclude>
    <ClInclude Include="mblep_192000.h">
      <Filter>Header Files</Filter>
    </ClInclude>
    <ClInclude Include="bleptables.h">
      <Filter>Header Files</Filter>
    </ClInclude>
    <ClInclude Include="mblep_44100.h">
      <Filter>Header Files</Filter>
    </ClInclude>
    <ClInclude Include="mblep_48000.h">
      <Filter>Header Files</Filter>
    </ClInclude>
    <ClInclude Include="DistortionTable_1.h">
      <Filter>Header Files</Filter>
    </ClInclude>
    <ClInclude Include="DistortionTable_2.h">
      <Filter>Header Files</Filter>
    </ClInclude>
    <ClInclude Include="PlatinumClip.h">
      <Filter>Header Files</Filter>
    </ClInclude>
    <ClInclude Include="RBJfilter.h">
      <Filter>Header Files</Filter>
    </ClInclude>
    <ClInclude Include="ADSREnvelope.h">
      <Filter>Header Files</Filter>
    </ClInclude>
    <ClInclude Include="FormantTable.h">
      <Filter>Header Files</Filter>
    </ClInclude>
    <ClInclude Include="BleppyOscs.h">
      <Filter>Header Files</Filter>
    </ClInclude>
    <ClInclude Include="BigFishDefs.h">
      <Filter>Header Files</Filter>
    </ClInclude>
    <ClInclude Include="OrganOsc.h">
      <Filter>Header Files</Filter>
    </ClInclude>
  </ItemGroup>
  <ItemGroup>
    <ClCompile Include="BigFish.cpp">
      <Filter>Source Files</Filter>
    </ClCompile>
    <ClCompile Include="Test.cpp">
      <Filter>Source Files</Filter>
    </ClCompile>
    <ClCompile Include="MinBlepGen.cpp">
      <Filter>Source Files</Filter>
    </ClCompile>
    <ClCompile Include="BleppyOscs.cpp">
      <Filter>Source Files</Filter>
    </ClCompile>
    <ClCompile Include="ADSREnvelope.cpp">
      <Filter>Source Files</Filter>
    </ClCompile>
    <ClCompile Include="OrganOsc.cpp">
      <Filter>Source Files</Filter>
    </ClCompile>
  </ItemGroup>
</Project>