<?xml version="1.0" encoding="utf-8"?>
<Project ToolsVersion="4.0" xmlns="http://schemas.microsoft.com/developer/msbuild/2003">
  <ItemGroup>
    <Filter Include="Source Files">
      <UniqueIdentifier>{4FC737F1-C7A5-4376-A066-2A32D752A2FF}</UniqueIdentifier>
      <Extensions>cpp;c;cc;cxx;def;odl;idl;hpj;bat;asm;asmx</Extensions>
    </Filter>
    <Filter Include="Header Files">
      <UniqueIdentifier>{93995380-89BD-4b04-88EB-625FBE52EBFB}</UniqueIdentifier>
      <Extensions>h;hh;hpp;hxx;hm;inl;inc;xsd</Extensions>
    </Filter>
    <Filter Include="Resource Files">
      <UniqueIdentifier>{67DA6AB6-F800-4c08-8B7A-83BB121AAD01}</UniqueIdentifier>
      <Extensions>rc;ico;cur;bmp;dlg;rc2;rct;bin;rgs;gif;jpg;jpeg;jpe;resx;tiff;tif;png;wav;mfcribbon-ms</Extensions>
    </Filter>
    <Filter Include="ExcludedFromCompilation">
      <UniqueIdentifier>{f8f3b83c-a2d2-4c35-9d33-322de6b1c06b}</UniqueIdentifier>
    </Filter>
  </ItemGroup>
  <ItemGroup>
    <ClCompile Include="TestFrameDLL.cpp">
      <Filter>Source Files</Filter>
    </ClCompile>
    <ClCompile Include="..\..\Tuesday\Sources\Tuesday.c">
      <Filter>Source Files</Filter>
    </ClCompile>
    <ClCompile Include="..\..\EdgeCutter\Sources\EdgeCutter.c">
      <Filter>Source Files</Filter>
    </ClCompile>
    <ClCompile Include="..\..\Wobbler\Sources\Wobbler.c">
      <Filter>Source Files</Filter>
    </ClCompile>
    <ClCompile Include="..\..\Tuesday\Sources\Algo.c">
      <Filter>Source Files</Filter>
    </ClCompile>
    <ClCompile Include="..\..\EurorackShared\EurorackShared.c">
      <Filter>Source Files</Filter>
    </ClCompile>
    <ClCompile Include="..\..\EurorackShared\Math.c">
      <Filter>Source Files</Filter>
    </ClCompile>
    <ClCompile Include="..\..\Tuesday\Sources\main.c">
      <Filter>ExcludedFromCompilation</Filter>
    </ClCompile>
    <ClCompile Include="..\..\WobblerV2\Sources\Wobbler2.c">
      <Filter>Source Files</Filter>
    </ClCompile>
    <ClCompile Include="..\..\EdgeCutterV2\Sources\EdgeCutter2.c">
      <Filter>Source Files</Filter>
    </ClCompile>
  </ItemGroup>
  <ItemGroup>
    <ClInclude Include="..\..\Wobbler\Sources\Wobbler.h">
      <Filter>Header Files</Filter>
    </ClInclude>
    <ClInclude Include="..\..\Tuesday\Sources\Algo_ChipArps.h">
      <Filter>Header Files</Filter>
    </ClInclude>
    <ClInclude Include="..\..\Tuesday\Sources\Algo_Markov.h">
      <Filter>Header Files</Filter>
    </ClInclude>
    <ClInclude Include="..\..\Tuesday\Sources\Algo_SaikoSet.h">
      <Filter>Header Files</Filter>
    </ClInclude>
    <ClInclude Include="..\..\Tuesday\Sources\Algo_Stomper.h">
      <Filter>Header Files</Filter>
    </ClInclude>
    <ClInclude Include="..\..\Tuesday\Sources\Algo_Test.h">
      <Filter>Header Files</Filter>
    </ClInclude>
    <ClInclude Include="..\..\Tuesday\Sources\Algo_TriTrance.h">
      <Filter>Header Files</Filter>
    </ClInclude>
    <ClInclude Include="..\..\Tuesday\Sources\Algo.h">
      <Filter>Header Files</Filter>
    </ClInclude>
    <ClInclude Include="..\..\Tuesday\Sources\AlgoImpl.h">
      <Filter>Header Files</Filter>
    </ClInclude>
    <ClInclude Include="..\..\Tuesday\Sources\Algo_Wobble.h">
      <Filter>Header Files</Filter>
    </ClInclude>
    <ClInclude Include="..\..\EurorackShared\EURORACKSHARED.H">
      <Filter>Header Files</Filter>
    </ClInclude>
    <ClInclude Include="..\..\Tuesday\Sources\Algo_SNH.H">
      <Filter>Header Files</Filter>
    </ClInclude>
    <ClInclude Include="..\..\Tuesday\Sources\Algo_ScaleWalker.h">
      <Filter>Header Files</Filter>
    </ClInclude>
    <ClInclude Include="..\..\Tuesday\Sources\Algo_TooEasy.h">
      <Filter>Header Files</Filter>
    </ClInclude>
    <ClInclude Include="..\..\Tuesday\Sources\main.h">
      <Filter>ExcludedFromCompilation</Filter>
    </ClInclude>
    <ClInclude Include="..\..\WobblerV2\Sources\Wobbler2.h">
      <Filter>Header Files</Filter>
    </ClInclude>
    <ClInclude Include="..\..\EdgeCutterV2\Sources\EdgeCutter2.h">
      <Filter>Header Files</Filter>
    </ClInclude>
  </ItemGroup>
</Project>